{
  "requires": true,
  "lockfileVersion": 1,
  "dependencies": {
    "@types/bootstrap": {
      "version": "4.3.2",
      "resolved": "https://registry.npmjs.org/@types/bootstrap/-/bootstrap-4.3.2.tgz",
      "integrity": "sha512-ArJM2BsZ6KvPb7M3PGWNjlriFYP6gh3hINk76TTVXBqUiPYFOeyXA08gsVFSIjUqMitregBEqT79rvfgXEiLQQ==",
      "requires": {
        "@types/jquery": "3.3.35",
        "popper.js": "1.16.1"
      }
    },
    "@types/googlemaps": {
      "version": "3.39.3",
      "resolved": "https://registry.npmjs.org/@types/googlemaps/-/googlemaps-3.39.3.tgz",
      "integrity": "sha512-L8O9HAVFZj0TuiS8h5ORthiMsrrhjxTC8XUusp5k47oXCst4VTm+qWKvrAvmYMybZVokbp4Udco1mNwJrTNZPQ=="
    },
    "@types/jquery": {
      "version": "3.3.35",
      "resolved": "https://registry.npmjs.org/@types/jquery/-/jquery-3.3.35.tgz",
      "integrity": "sha512-pnIELWhHXJ7RgoFylhiTxD+96QlKBJfEx8JCLj963/dh7zBOKFkZ6rlNqbaCcn2JZrsAxCI8WhgRXznBx2iDsA==",
      "requires": {
        "@types/sizzle": "2.3.2"
      }
    },
    "@types/jquery.validation": {
      "version": "1.16.6",
      "resolved": "https://registry.npmjs.org/@types/jquery.validation/-/jquery.validation-1.16.6.tgz",
      "integrity": "sha512-RA2bYZELFFmA17mxarjKdCtsn8EH0dOKgj7tpJmeLREkMaOj4H1PbD3UIBuAGQ3Yn8o5748l5IWUmWoAoRYgIw==",
      "requires": {
        "@types/jquery": "3.3.35"
      }
    },
    "@types/sizzle": {
      "version": "2.3.2",
      "resolved": "https://registry.npmjs.org/@types/sizzle/-/sizzle-2.3.2.tgz",
      "integrity": "sha512-7EJYyKTL7tFR8+gDbB6Wwz/arpGa0Mywk1TJbNzKzHtzbwVmY4HR9WqS5VV7dsBUKQmPNr192jHr/VpBluj/hg=="
    },
    "popper.js": {
      "version": "1.16.1",
      "resolved": "https://registry.npmjs.org/popper.js/-/popper.js-1.16.1.tgz",
      "integrity": "sha512-Wb4p1J4zyFTbM+u6WuO4XstYx4Ky9Cewe4DWrel7B0w6VVICvPwdOpotjzcf6eD8TsckVnIMNONQyPIUFOUbCQ=="
    }
  }
}
